
Microsoft Visual Studio Solution File, Format Version 12.00
# Visual Studio Version 16
VisualStudioVersion = 16.0.32929.386
MinimumVisualStudioVersion = 10.0.40219.1
Project("{9A19103F-16F7-4668-BE54-9A1E7A4F7556}") = "WebProject", "WebProject\WebProject.csproj", "{9D01113E-A04C-45A4-A760-B1A7EB788C46}"
EndProject
Project("{9A19103F-16F7-4668-BE54-9A1E7A4F7556}") = "AppDbContext", "AppDbContext\AppDbContext.csproj", "{E3F05C7A-0FFD-422B-AEB0-AC5A9E14FA5F}"
EndProject
Global
	GlobalSection(SolutionConfigurationPlatforms) = preSolution
		Debug|Any CPU = Debug|Any CPU
		Release|Any CPU = Release|Any CPU
	EndGlobalSection
	GlobalSection(ProjectConfigurationPlatforms) = postSolution
		{9D01113E-A04C-45A4-A760-B1A7EB788C46}.Debug|Any CPU.ActiveCfg = Debug|Any CPU
		{9D01113E-A04C-45A4-A760-B1A7EB788C46}.Debug|Any CPU.Build.0 = Debug|Any CPU
		{9D01113E-A04C-45A4-A760-B1A7EB788C46}.Release|Any CPU.ActiveCfg = Release|Any CPU
		{9D01113E-A04C-45A4-A760-B1A7EB788C46}.Release|Any CPU.Build.0 = Release|Any CPU
		{E3F05C7A-0FFD-422B-AEB0-AC5A9E14FA5F}.Debug|Any CPU.ActiveCfg = Debug|Any CPU
		{E3F05C7A-0FFD-422B-AEB0-AC5A9E14FA5F}.Debug|Any CPU.Build.0 = Debug|Any CPU
		{E3F05C7A-0FFD-422B-AEB0-AC5A9E14FA5F}.Release|Any CPU.ActiveCfg = Release|Any CPU
		{E3F05C7A-0FFD-422B-AEB0-AC5A9E14FA5F}.Release|Any CPU.Build.0 = Release|Any CPU
	EndGlobalSection
	GlobalSection(SolutionProperties) = preSolution
		HideSolutionNode = FALSE
	EndGlobalSection
	GlobalSection(ExtensibilityGlobals) = postSolution
		SolutionGuid = {5F5528A8-147D-4447-901B-CB815614AD93}
	EndGlobalSection
EndGlobal
